
Microsoft Visual Studio Solution File, Format Version 12.00
# Visual Studio Version 18
VisualStudioVersion = 18.2.11415.280
MinimumVisualStudioVersion = 10.0.40219.1
Project("{FAE04EC0-301F-11D3-BF4B-00C04F79EFBC}") = "TrayControl", "TrayControl\TrayControl.csproj", "{E2D48B95-6C8B-4A71-ACD1-B91205EB1505}"
EndProject
Project("{2150E333-8FDC-42A3-9474-1A3956D46DE8}") = "Solution Items", "Solution Items", "{02EA681E-C7D8-13C7-8484-4AC65E1B71E8}"
	ProjectSection(SolutionItems) = preProject
		.editorconfig = .editorconfig
	EndProjectSection
EndProject
Project("{840C416C-B8F3-42BC-B0DD-F6BB14C9F8CB}") = "TrayControlInstaller", "AdvInstaller\TrayControlInstaller.aiproj", "{A890C72A-A60A-4216-91BE-68CA657782E6}"
EndProject
Global
	GlobalSection(SolutionConfigurationPlatforms) = preSolution
		Debug|Any CPU = Debug|Any CPU
		Debug|ARM64 = Debug|ARM64
		Debug|x64 = Debug|x64
		Debug|x86 = Debug|x86
		DefaultBuild|Any CPU = DefaultBuild|Any CPU
		DefaultBuild|ARM64 = DefaultBuild|ARM64
		DefaultBuild|x64 = DefaultBuild|x64
		DefaultBuild|x86 = DefaultBuild|x86
		Release|Any CPU = Release|Any CPU
		Release|ARM64 = Release|ARM64
		Release|x64 = Release|x64
		Release|x86 = Release|x86
	EndGlobalSection
	GlobalSection(ProjectConfigurationPlatforms) = postSolution
		{E2D48B95-6C8B-4A71-ACD1-B91205EB1505}.Debug|Any CPU.ActiveCfg = Debug|Any CPU
		{E2D48B95-6C8B-4A71-ACD1-B91205EB1505}.Debug|Any CPU.Build.0 = Debug|Any CPU
		{E2D48B95-6C8B-4A71-ACD1-B91205EB1505}.Debug|ARM64.ActiveCfg = Debug|Any CPU
		{E2D48B95-6C8B-4A71-ACD1-B91205EB1505}.Debug|ARM64.Build.0 = Debug|Any CPU
		{E2D48B95-6C8B-4A71-ACD1-B91205EB1505}.Debug|x64.ActiveCfg = Debug|Any CPU
		{E2D48B95-6C8B-4A71-ACD1-B91205EB1505}.Debug|x64.Build.0 = Debug|Any CPU
		{E2D48B95-6C8B-4A71-ACD1-B91205EB1505}.Debug|x86.ActiveCfg = Debug|Any CPU
		{E2D48B95-6C8B-4A71-ACD1-B91205EB1505}.Debug|x86.Build.0 = Debug|Any CPU
		{E2D48B95-6C8B-4A71-ACD1-B91205EB1505}.DefaultBuild|Any CPU.ActiveCfg = Release|Any CPU
		{E2D48B95-6C8B-4A71-ACD1-B91205EB1505}.DefaultBuild|Any CPU.Build.0 = Release|Any CPU
		{E2D48B95-6C8B-4A71-ACD1-B91205EB1505}.DefaultBuild|ARM64.ActiveCfg = Release|Any CPU
		{E2D48B95-6C8B-4A71-ACD1-B91205EB1505}.DefaultBuild|ARM64.Build.0 = Release|Any CPU
		{E2D48B95-6C8B-4A71-ACD1-B91205EB1505}.DefaultBuild|x64.ActiveCfg = Release|Any CPU
		{E2D48B95-6C8B-4A71-ACD1-B91205EB1505}.DefaultBuild|x64.Build.0 = Release|Any CPU
		{E2D48B95-6C8B-4A71-ACD1-B91205EB1505}.DefaultBuild|x86.ActiveCfg = Release|Any CPU
		{E2D48B95-6C8B-4A71-ACD1-B91205EB1505}.DefaultBuild|x86.Build.0 = Release|Any CPU
		{E2D48B95-6C8B-4A71-ACD1-B91205EB1505}.Release|Any CPU.ActiveCfg = Release|Any CPU
		{E2D48B95-6C8B-4A71-ACD1-B91205EB1505}.Release|Any CPU.Build.0 = Release|Any CPU
		{E2D48B95-6C8B-4A71-ACD1-B91205EB1505}.Release|ARM64.ActiveCfg = Release|Any CPU
		{E2D48B95-6C8B-4A71-ACD1-B91205EB1505}.Release|ARM64.Build.0 = Release|Any CPU
		{E2D48B95-6C8B-4A71-ACD1-B91205EB1505}.Release|x64.ActiveCfg = Release|Any CPU
		{E2D48B95-6C8B-4A71-ACD1-B91205EB1505}.Release|x64.Build.0 = Release|Any CPU
		{E2D48B95-6C8B-4A71-ACD1-B91205EB1505}.Release|x86.ActiveCfg = Release|Any CPU
		{E2D48B95-6C8B-4A71-ACD1-B91205EB1505}.Release|x86.Build.0 = Release|Any CPU
		{A890C72A-A60A-4216-91BE-68CA657782E6}.Debug|Any CPU.ActiveCfg = DefaultBuild
		{A890C72A-A60A-4216-91BE-68CA657782E6}.Debug|ARM64.ActiveCfg = DefaultBuild
		{A890C72A-A60A-4216-91BE-68CA657782E6}.Debug|ARM64.Build.0 = DefaultBuild
		{A890C72A-A60A-4216-91BE-68CA657782E6}.Debug|x64.ActiveCfg = DefaultBuild
		{A890C72A-A60A-4216-91BE-68CA657782E6}.Debug|x64.Build.0 = DefaultBuild
		{A890C72A-A60A-4216-91BE-68CA657782E6}.Debug|x86.ActiveCfg = DefaultBuild
		{A890C72A-A60A-4216-91BE-68CA657782E6}.Debug|x86.Build.0 = DefaultBuild
		{A890C72A-A60A-4216-91BE-68CA657782E6}.DefaultBuild|Any CPU.ActiveCfg = DefaultBuild
		{A890C72A-A60A-4216-91BE-68CA657782E6}.DefaultBuild|Any CPU.Build.0 = DefaultBuild
		{A890C72A-A60A-4216-91BE-68CA657782E6}.DefaultBuild|ARM64.ActiveCfg = DefaultBuild
		{A890C72A-A60A-4216-91BE-68CA657782E6}.DefaultBuild|ARM64.Build.0 = DefaultBuild
		{A890C72A-A60A-4216-91BE-68CA657782E6}.DefaultBuild|x64.ActiveCfg = DefaultBuild
		{A890C72A-A60A-4216-91BE-68CA657782E6}.DefaultBuild|x64.Build.0 = DefaultBuild
		{A890C72A-A60A-4216-91BE-68CA657782E6}.DefaultBuild|x86.ActiveCfg = DefaultBuild
		{A890C72A-A60A-4216-91BE-68CA657782E6}.DefaultBuild|x86.Build.0 = DefaultBuild
		{A890C72A-A60A-4216-91BE-68CA657782E6}.Release|Any CPU.ActiveCfg = DefaultBuild
		{A890C72A-A60A-4216-91BE-68CA657782E6}.Release|Any CPU.Build.0 = DefaultBuild
		{A890C72A-A60A-4216-91BE-68CA657782E6}.Release|ARM64.ActiveCfg = DefaultBuild
		{A890C72A-A60A-4216-91BE-68CA657782E6}.Release|ARM64.Build.0 = DefaultBuild
		{A890C72A-A60A-4216-91BE-68CA657782E6}.Release|x64.ActiveCfg = DefaultBuild
		{A890C72A-A60A-4216-91BE-68CA657782E6}.Release|x64.Build.0 = DefaultBuild
		{A890C72A-A60A-4216-91BE-68CA657782E6}.Release|x86.ActiveCfg = DefaultBuild
		{A890C72A-A60A-4216-91BE-68CA657782E6}.Release|x86.Build.0 = DefaultBuild
	EndGlobalSection
	GlobalSection(SolutionProperties) = preSolution
		HideSolutionNode = FALSE
	EndGlobalSection
	GlobalSection(ExtensibilityGlobals) = postSolution
		SolutionGuid = {EE264E4D-5D63-4F79-A101-4DF360671C70}
	EndGlobalSection
EndGlobal
